
Microsoft Visual Studio Solution File, Format Version 12.00
# Visual Studio 15
VisualStudioVersion = 15.0.26228.9
MinimumVisualStudioVersion = 10.0.40219.1
Project("{FAE04EC0-301F-11D3-BF4B-00C04F79EFBC}") = "frmSplash", "frmSplash\frmSplash.csproj", "{DC8BE4B5-E8CE-450E-B861-5269355EC544}"
EndProject
Project("{FAE04EC0-301F-11D3-BF4B-00C04F79EFBC}") = "ConexaoBD", "ConexaoBD\ConexaoBD.csproj", "{0494C6E5-689C-4793-8765-F3267EE61814}"
EndProject
Project("{FAE04EC0-301F-11D3-BF4B-00C04F79EFBC}") = "Atributos", "Atributos\Atributos.csproj", "{D7272D05-A338-4F13-AF97-AEDAAC7F8245}"
EndProject
Project("{FAE04EC0-301F-11D3-BF4B-00C04F79EFBC}") = "Home", "Home\Home.csproj", "{F06781EE-5669-414B-BA73-A61D81CA3646}"
EndProject
Project("{FAE04EC0-301F-11D3-BF4B-00C04F79EFBC}") = "Principal", "WpfApp1\Principal.csproj", "{C7E68BDE-071D-4771-B56B-273F001EC506}"
EndProject
Project("{FAE04EC0-301F-11D3-BF4B-00C04F79EFBC}") = "WindowsFormsApp1", "WindowsFormsApp1\WindowsFormsApp1.csproj", "{E26896CB-5196-4349-9369-701078BFFE66}"
EndProject
Global
	GlobalSection(SolutionConfigurationPlatforms) = preSolution
		Debug|Any CPU = Debug|Any CPU
		Release|Any CPU = Release|Any CPU
	EndGlobalSection
	GlobalSection(ProjectConfigurationPlatforms) = postSolution
		{DC8BE4B5-E8CE-450E-B861-5269355EC544}.Debug|Any CPU.ActiveCfg = Debug|Any CPU
		{DC8BE4B5-E8CE-450E-B861-5269355EC544}.Debug|Any CPU.Build.0 = Debug|Any CPU
		{DC8BE4B5-E8CE-450E-B861-5269355EC544}.Release|Any CPU.ActiveCfg = Release|Any CPU
		{DC8BE4B5-E8CE-450E-B861-5269355EC544}.Release|Any CPU.Build.0 = Release|Any CPU
		{0494C6E5-689C-4793-8765-F3267EE61814}.Debug|Any CPU.ActiveCfg = Debug|Any CPU
		{0494C6E5-689C-4793-8765-F3267EE61814}.Debug|Any CPU.Build.0 = Debug|Any CPU
		{0494C6E5-689C-4793-8765-F3267EE61814}.Release|Any CPU.ActiveCfg = Release|Any CPU
		{0494C6E5-689C-4793-8765-F3267EE61814}.Release|Any CPU.Build.0 = Release|Any CPU
		{D7272D05-A338-4F13-AF97-AEDAAC7F8245}.Debug|Any CPU.ActiveCfg = Debug|Any CPU
		{D7272D05-A338-4F13-AF97-AEDAAC7F8245}.Debug|Any CPU.Build.0 = Debug|Any CPU
		{D7272D05-A338-4F13-AF97-AEDAAC7F8245}.Release|Any CPU.ActiveCfg = Release|Any CPU
		{D7272D05-A338-4F13-AF97-AEDAAC7F8245}.Release|Any CPU.Build.0 = Release|Any CPU
		{F06781EE-5669-414B-BA73-A61D81CA3646}.Debug|Any CPU.ActiveCfg = Debug|Any CPU
		{F06781EE-5669-414B-BA73-A61D81CA3646}.Debug|Any CPU.Build.0 = Debug|Any CPU
		{F06781EE-5669-414B-BA73-A61D81CA3646}.Release|Any CPU.ActiveCfg = Release|Any CPU
		{F06781EE-5669-414B-BA73-A61D81CA3646}.Release|Any CPU.Build.0 = Release|Any CPU
		{C7E68BDE-071D-4771-B56B-273F001EC506}.Debug|Any CPU.ActiveCfg = Debug|Any CPU
		{C7E68BDE-071D-4771-B56B-273F001EC506}.Debug|Any CPU.Build.0 = Debug|Any CPU
		{C7E68BDE-071D-4771-B56B-273F001EC506}.Release|Any CPU.ActiveCfg = Release|Any CPU
		{C7E68BDE-071D-4771-B56B-273F001EC506}.Release|Any CPU.Build.0 = Release|Any CPU
		{E26896CB-5196-4349-9369-701078BFFE66}.Debug|Any CPU.ActiveCfg = Debug|Any CPU
		{E26896CB-5196-4349-9369-701078BFFE66}.Debug|Any CPU.Build.0 = Debug|Any CPU
		{E26896CB-5196-4349-9369-701078BFFE66}.Release|Any CPU.ActiveCfg = Release|Any CPU
		{E26896CB-5196-4349-9369-701078BFFE66}.Release|Any CPU.Build.0 = Release|Any CPU
	EndGlobalSection
	GlobalSection(SolutionProperties) = preSolution
		HideSolutionNode = FALSE
	EndGlobalSection
EndGlobal
